// !$*UTF8*$!
{
	archiveVersion = 1;
	classes = {
	};
	objectVersion = 50;
	objects = {

/* Begin PBXBuildFile section */
		8EC741F325F93D73007DBAE8 /* IncidentNavigatorApp.swift in Sources */ = {isa = PBXBuildFile; fileRef = 8EC741F225F93D73007DBAE8 /* IncidentNavigatorApp.swift */; };
		8EC741F525F93D73007DBAE8 /* ContentView.swift in Sources */ = {isa = PBXBuildFile; fileRef = 8EC741F425F93D73007DBAE8 /* ContentView.swift */; };
		8EC741F725F93D76007DBAE8 /* Assets.xcassets in Resources */ = {isa = PBXBuildFile; fileRef = 8EC741F625F93D76007DBAE8 /* Assets.xcassets */; };
		8EC741FA25F93D76007DBAE8 /* Preview Assets.xcassets in Resources */ = {isa = PBXBuildFile; fileRef = 8EC741F925F93D76007DBAE8 /* Preview Assets.xcassets */; };
		8EC7420325F93D85007DBAE8 /* Incident.swift in Sources */ = {isa = PBXBuildFile; fileRef = 8EC7420225F93D85007DBAE8 /* Incident.swift */; };
		8EC7420625F94413007DBAE8 /* IncidentsView.swift in Sources */ = {isa = PBXBuildFile; fileRef = 8EC7420525F94413007DBAE8 /* IncidentsView.swift */; };
/* End PBXBuildFile section */

/* Begin PBXFileReference section */
		8EC741EF25F93D73007DBAE8 /* IncidentNavigator.app */ = {isa = PBXFileReference; explicitFileType = wrapper.application; includeInIndex = 0; path = IncidentNavigator.app; sourceTree = BUILT_PRODUCTS_DIR; };
		8EC741F225F93D73007DBAE8 /* IncidentNavigatorApp.swift */ = {isa = PBXFileReference; lastKnownFileType = sourcecode.swift; path = IncidentNavigatorApp.swift; sourceTree = "<group>"; };
		8EC741F425F93D73007DBAE8 /* ContentView.swift */ = {isa = PBXFileReference; lastKnownFileType = sourcecode.swift; path = ContentView.swift; sourceTree = "<group>"; };
		8EC741F625F93D76007DBAE8 /* Assets.xcassets */ = {isa = PBXFileReference; lastKnownFileType = folder.assetcatalog; path = Assets.xcassets; sourceTree = "<group>"; };
		8EC741F925F93D76007DBAE8 /* Preview Assets.xcassets */ = {isa = PBXFileReference; lastKnownFileType = folder.assetcatalog; path = "Preview Assets.xcassets"; sourceTree = "<group>"; };
		8EC741FB25F93D76007DBAE8 /* Info.plist */ = {isa = PBXFileReference; lastKnownFileType = text.plist.xml; path = Info.plist; sourceTree = "<group>"; };
		8EC7420225F93D85007DBAE8 /* Incident.swift */ = {isa = PBXFileReference; lastKnownFileType = sourcecode.swift; path = Incident.swift; sourceTree = "<group>"; };
		8EC7420525F94413007DBAE8 /* IncidentsView.swift */ = {isa = PBXFileReference; lastKnownFileType = sourcecode.swift; path = IncidentsView.swift; sourceTree = "<group>"; };
/* End PBXFileReference section */

/* Begin PBXFrameworksBuildPhase section */
		8EC741EC25F93D73007DBAE8 /* Frameworks */ = {
			isa = PBXFrameworksBuildPhase;
			buildActionMask = 2147483647;
			files = (
			);
			runOnlyForDeploymentPostprocessing = 0;
		};
/* End PBXFrameworksBuildPhase section */

/* Begin PBXGroup section */
		8EC741E625F93D73007DBAE8 = {
			isa = PBXGroup;
			children = (
				8EC741F125F93D73007DBAE8 /* IncidentNavigator */,
				8EC741F025F93D73007DBAE8 /* Products */,
			);
			sourceTree = "<group>";
		};
		8EC741F025F93D73007DBAE8 /* Products */ = {
			isa = PBXGroup;
			children = (
				8EC741EF25F93D73007DBAE8 /* IncidentNavigator.app */,
			);
			name = Products;
			sourceTree = "<group>";
		};
		8EC741F125F93D73007DBAE8 /* IncidentNavigator */ = {
			isa = PBXGroup;
			children = (
				8EC741F225F93D73007DBAE8 /* IncidentNavigatorApp.swift */,
				8EC741F425F93D73007DBAE8 /* ContentView.swift */,
				8EC7420525F94413007DBAE8 /* IncidentsView.swift */,
				8EC7420225F93D85007DBAE8 /* Incident.swift */,
				8EC741F625F93D76007DBAE8 /* Assets.xcassets */,
				8EC741FB25F93D76007DBAE8 /* Info.plist */,
				8EC741F825F93D76007DBAE8 /* Preview Content */,
			);
			path = IncidentNavigator;
			sourceTree = "<group>";
		};
		8EC741F825F93D76007DBAE8 /* Preview Content */ = {
			isa = PBXGroup;
			children = (
				8EC741F925F93D76007DBAE8 /* Preview Assets.xcassets */,
			);
			path = "Preview Content";
			sourceTree = "<group>";
		};
/* End PBXGroup section */

/* Begin PBXNativeTarget section */
		8EC741EE25F93D73007DBAE8 /* IncidentNavigator */ = {
			isa = PBXNativeTarget;
			buildConfigurationList = 8EC741FE25F93D76007DBAE8 /* Build configuration list for PBXNativeTarget "IncidentNavigator" */;
			buildPhases = (
				8EC741EB25F93D73007DBAE8 /* Sources */,
				8EC741EC25F93D73007DBAE8 /* Frameworks */,
				8EC741ED25F93D73007DBAE8 /* Resources */,
			);
			buildRules = (
			);
			dependencies = (
			);
			name = IncidentNavigator;
			productName = IncidentNavigator;
			productReference = 8EC741EF25F93D73007DBAE8 /* IncidentNavigator.app */;
			productType = "com.apple.product-type.application";
		};
/* End PBXNativeTarget section */

/* Begin PBXProject section */
		8EC741E725F93D73007DBAE8 /* Project object */ = {
			isa = PBXProject;
			attributes = {
				LastSwiftUpdateCheck = 1240;
				LastUpgradeCheck = 1240;
				TargetAttributes = {
					8EC741EE25F93D73007DBAE8 = {
						CreatedOnToolsVersion = 12.4;
					};
				};
			};
			buildConfigurationList = 8EC741EA25F93D73007DBAE8 /* Build configuration list for PBXProject "IncidentNavigator" */;
			compatibilityVersion = "Xcode 9.3";
			developmentRegion = en;
			hasScannedForEncodings = 0;
			knownRegions = (
				en,
				Base,
			);
			mainGroup = 8EC741E625F93D73007DBAE8;
			productRefGroup = 8EC741F025F93D73007DBAE8 /* Products */;
			projectDirPath = "";
			projectRoot = "";
			targets = (
				8EC741EE25F93D73007DBAE8 /* IncidentNavigator */,
			);
		};
/* End PBXProject section */

/* Begin PBXResourcesBuildPhase section */
		8EC741ED25F93D73007DBAE8 /* Resources */ = {
			isa = PBXResourcesBuildPhase;
			buildActionMask = 2147483647;
			files = (
				8EC741FA25F93D76007DBAE8 /* Preview Assets.xcassets in Resources */,
				8EC741F725F93D76007DBAE8 /* Assets.xcassets in Resources */,
			);
			runOnlyForDeploymentPostprocessing = 0;
		};
/* End PBXResourcesBuildPhase section */

/* Begin PBXSourcesBuildPhase section */
		8EC741EB25F93D73007DBAE8 /* Sources */ = {
			isa = PBXSourcesBuildPhase;
			buildActionMask = 2147483647;
			files = (
				8EC741F525F93D73007DBAE8 /* ContentView.swift in Sources */,
				8EC7420325F93D85007DBAE8 /* Incident.swift in Sources */,
				8EC7420625F94413007DBAE8 /* IncidentsView.swift in Sources */,
				8EC741F325F93D73007DBAE8 /* IncidentNavigatorApp.swift in Sources */,
			);
			runOnlyForDeploymentPostprocessing = 0;
		};
/* End PBXSourcesBuildPhase section */

/* Begin XCBuildConfiguration section */
		8EC741FC25F93D76007DBAE8 /* Debug */ = {
			isa = XCBuildConfiguration;
			buildSettings = {
				ALWAYS_SEARCH_USER_PATHS = NO;
				CLANG_ANALYZER_NONNULL = YES;
				CLANG_ANALYZER_NUMBER_OBJECT_CONVERSION = YES_AGGRESSIVE;
				CLANG_CXX_LANGUAGE_STANDARD = "gnu++14";
				CLANG_CXX_LIBRARY = "libc++";
				CLANG_ENABLE_MODULES = YES;
				CLANG_ENABLE_OBJC_ARC = YES;
				CLANG_ENABLE_OBJC_WEAK = YES;
				CLANG_WARN_BLOCK_CAPTURE_AUTORELEASING = YES;
				CLANG_WARN_BOOL_CONVERSION = YES;
				CLANG_WARN_COMMA = YES;
				CLANG_WARN_CONSTANT_CONVERSION = YES;
				CLANG_WARN_DEPRECATED_OBJC_IMPLEMENTATIONS = YES;
				CLANG_WARN_DIRECT_OBJC_ISA_USAGE = YES_ERROR;
				CLANG_WARN_DOCUMENTATION_COMMENTS = YES;
				CLANG_WARN_EMPTY_BODY = YES;
				CLANG_WARN_ENUM_CONVERSION = YES;
				CLANG_WARN_INFINITE_RECURSION = YES;
				CLANG_WARN_INT_CONVERSION = YES;
				CLANG_WARN_NON_LITERAL_NULL_CONVERSION = YES;
				CLANG_WARN_OBJC_IMPLICIT_RETAIN_SELF = YES;
				CLANG_WARN_OBJC_LITERAL_CONVERSION = YES;
				CLANG_WARN_OBJC_ROOT_CLASS = YES_ERROR;
				CLANG_WARN_QUOTED_INCLUDE_IN_FRAMEWORK_HEADER = YES;
				CLANG_WARN_RANGE_LOOP_ANALYSIS = YES;
				CLANG_WARN_STRICT_PROTOTYPES = YES;
				CLANG_WARN_SUSPICIOUS_MOVE = YES;
				CLANG_WARN_UNGUARDED_AVAILABILITY = YES_AGGRESSIVE;
				CLANG_WARN_UNREACHABLE_CODE = YES;
				CLANG_WARN__DUPLICATE_METHOD_MATCH = YES;
				COPY_PHASE_STRIP = NO;
				DEBUG_INFORMATION_FORMAT = dwarf;
				ENABLE_STRICT_OBJC_MSGSEND = YES;
				ENABLE_TESTABILITY = YES;
				GCC_C_LANGUAGE_STANDARD = gnu11;
				GCC_DYNAMIC_NO_PIC = NO;
				GCC_NO_COMMON_BLOCKS = YES;
				GCC_OPTIMIZATION_LEVEL = 0;
				GCC_PREPROCESSOR_DEFINITIONS = (
					"DEBUG=1",
					"$(inherited)",
				);
				GCC_WARN_64_TO_32_BIT_CONVERSION = YES;
				GCC_WARN_ABOUT_RETURN_TYPE = YES_ERROR;
				GCC_WARN_UNDECLARED_SELECTOR = YES;
				GCC_WARN_UNINITIALIZED_AUTOS = YES_AGGRESSIVE;
				GCC_WARN_UNUSED_FUNCTION = YES;
				GCC_WARN_UNUSED_VARIABLE = YES;
				IPHONEOS_DEPLOYMENT_TARGET = 14.4;
				MTL_ENABLE_DEBUG_INFO = INCLUDE_SOURCE;
				MTL_FAST_MATH = YES;
				ONLY_ACTIVE_ARCH = YES;
				SDKROOT = iphoneos;
				SWIFT_ACTIVE_COMPILATION_CONDITIONS = DEBUG;
				SWIFT_OPTIMIZATION_LEVEL = "-Onone";
			};
			name = Debug;
		};
		8EC741FD25F93D76007DBAE8 /* Release */ = {
			isa = XCBuildConfiguration;
			buildSettings = {
				ALWAYS_SEARCH_USER_PATHS = NO;
				CLANG_ANALYZER_NONNULL = YES;
				CLANG_ANALYZER_NUMBER_OBJECT_CONVERSION = YES_AGGRESSIVE;
				CLANG_CXX_LANGUAGE_STANDARD = "gnu++14";
				CLANG_CXX_LIBRARY = "libc++";
				CLANG_ENABLE_MODULES = YES;
				CLANG_ENABLE_OBJC_ARC = YES;
				CLANG_ENABLE_OBJC_WEAK = YES;
				CLANG_WARN_BLOCK_CAPTURE_AUTORELEASING = YES;
				CLANG_WARN_BOOL_CONVERSION = YES;
				CLANG_WARN_COMMA = YES;
				CLANG_WARN_CONSTANT_CONVERSION = YES;
				CLANG_WARN_DEPRECATED_OBJC_IMPLEMENTATIONS = YES;
				CLANG_WARN_DIRECT_OBJC_ISA_USAGE = YES_ERROR;
				CLANG_WARN_DOCUMENTATION_COMMENTS = YES;
				CLANG_WARN_EMPTY_BODY = YES;
				CLANG_WARN_ENUM_CONVERSION = YES;
				CLANG_WARN_INFINITE_RECURSION = YES;
				CLANG_WARN_INT_CONVERSION = YES;
				CLANG_WARN_NON_LITERAL_NULL_CONVERSION = YES;
				CLANG_WARN_OBJC_IMPLICIT_RETAIN_SELF = YES;
				CLANG_WARN_OBJC_LITERAL_CONVERSION = YES;
				CLANG_WARN_OBJC_ROOT_CLASS = YES_ERROR;
				CLANG_WARN_QUOTED_INCLUDE_IN_FRAMEWORK_HEADER = YES;
				CLANG_WARN_RANGE_LOOP_ANALYSIS = YES;
				CLANG_WARN_STRICT_PROTOTYPES = YES;
				CLANG_WARN_SUSPICIOUS_MOVE = YES;
				CLANG_WARN_UNGUARDED_AVAILABILITY = YES_AGGRESSIVE;
				CLANG_WARN_UNREACHABLE_CODE = YES;
				CLANG_WARN__DUPLICATE_METHOD_MATCH = YES;
				COPY_PHASE_STRIP = NO;
				DEBUG_INFORMATION_FORMAT = "dwarf-with-dsym";
				ENABLE_NS_ASSERTIONS = NO;
				ENABLE_STRICT_OBJC_MSGSEND = YES;
				GCC_C_LANGUAGE_STANDARD = gnu11;
				GCC_NO_COMMON_BLOCKS = YES;
				GCC_WARN_64_TO_32_BIT_CONVERSION = YES;
				GCC_WARN_ABOUT_RETURN_TYPE = YES_ERROR;
				GCC_WARN_UNDECLARED_SELECTOR = YES;
				GCC_WARN_UNINITIALIZED_AUTOS = YES_AGGRESSIVE;
				GCC_WARN_UNUSED_FUNCTION = YES;
				GCC_WARN_UNUSED_VARIABLE = YES;
				IPHONEOS_DEPLOYMENT_TARGET = 14.4;
				MTL_ENABLE_DEBUG_INFO = NO;
				MTL_FAST_MATH = YES;
				SDKROOT = iphoneos;
				SWIFT_COMPILATION_MODE = wholemodule;
				SWIFT_OPTIMIZATION_LEVEL = "-O";
				VALIDATE_PRODUCT = YES;
			};
			name = Release;
		};
		8EC741FF25F93D76007DBAE8 /* Debug */ = {
			isa = XCBuildConfiguration;
			buildSettings = {
				ASSETCATALOG_COMPILER_APPICON_NAME = AppIcon;
				ASSETCATALOG_COMPILER_GLOBAL_ACCENT_COLOR_NAME = AccentColor;
				CODE_SIGN_STYLE = Automatic;
				DEVELOPMENT_ASSET_PATHS = "\"IncidentNavigator/Preview Content\"";
				ENABLE_PREVIEWS = YES;
				INFOPLIST_FILE = IncidentNavigator/Info.plist;
				IPHONEOS_DEPLOYMENT_TARGET = 14.0;
				LD_RUNPATH_SEARCH_PATHS = (
					"$(inherited)",
					"@executable_path/Frameworks",
				);
				PRODUCT_BUNDLE_IDENTIFIER = com.brianhasenstab.IncidentNavigator;
				PRODUCT_NAME = "$(TARGET_NAME)";
				SWIFT_VERSION = 5.0;
				TARGETED_DEVICE_FAMILY = "1,2";
			};
			name = Debug;
		};
		8EC7420025F93D76007DBAE8 /* Release */ = {
			isa = XCBuildConfiguration;
			buildSettings = {
				ASSETCATALOG_COMPILER_APPICON_NAME = AppIcon;
				ASSETCATALOG_COMPILER_GLOBAL_ACCENT_COLOR_NAME = AccentColor;
				CODE_SIGN_STYLE = Automatic;
				DEVELOPMENT_ASSET_PATHS = "\"IncidentNavigator/Preview Content\"";
				ENABLE_PREVIEWS = YES;
				INFOPLIST_FILE = IncidentNavigator/Info.plist;
				IPHONEOS_DEPLOYMENT_TARGET = 14.0;
				LD_RUNPATH_SEARCH_PATHS = (
					"$(inherited)",
					"@executable_path/Frameworks",
				);
				PRODUCT_BUNDLE_IDENTIFIER = com.brianhasenstab.IncidentNavigator;
				PRODUCT_NAME = "$(TARGET_NAME)";
				SWIFT_VERSION = 5.0;
				TARGETED_DEVICE_FAMILY = "1,2";
			};
			name = Release;
		};
/* End XCBuildConfiguration section */

/* Begin XCConfigurationList section */
		8EC741EA25F93D73007DBAE8 /* Build configuration list for PBXProject "IncidentNavigator" */ = {
			isa = XCConfigurationList;
			buildConfigurations = (
				8EC741FC25F93D76007DBAE8 /* Debug */,
				8EC741FD25F93D76007DBAE8 /* Release */,
			);
			defaultConfigurationIsVisible = 0;
			defaultConfigurationName = Release;
		};
		8EC741FE25F93D76007DBAE8 /* Build configuration list for PBXNativeTarget "IncidentNavigator" */ = {
			isa = XCConfigurationList;
			buildConfigurations = (
				8EC741FF25F93D76007DBAE8 /* Debug */,
				8EC7420025F93D76007DBAE8 /* Release */,
			);
			defaultConfigurationIsVisible = 0;
			defaultConfigurationName = Release;
		};
/* End XCConfigurationList section */
	};
	rootObject = 8EC741E725F93D73007DBAE8 /* Project object */;
}
